
Microsoft Visual Studio Solution File, Format Version 12.00
# Visual Studio Version 17
VisualStudioVersion = 17.11.35312.102
MinimumVisualStudioVersion = 10.0.40219.1
Project("{9A19103F-16F7-4668-BE54-9A1E7A4F7556}") = "JobSystemApp", "ConsoleApp2\JobSystemApp.csproj", "{17974224-A10C-4FEB-AF07-1614192932ED}"
EndProject
Project("{9A19103F-16F7-4668-BE54-9A1E7A4F7556}") = "Domain", "Domain\Domain.csproj", "{F56808E4-D957-4CF4-A91F-37D097BA79D9}"
EndProject
Project("{FAE04EC0-301F-11D3-BF4B-00C04F79EFBC}") = "TestJednostkowy", "TestJednostkowy\TestJednostkowy.csproj", "{00EFE647-96E7-4473-8618-9F7B0CC8143E}"
EndProject
Global
	GlobalSection(SolutionConfigurationPlatforms) = preSolution
		Debug|Any CPU = Debug|Any CPU
		Release|Any CPU = Release|Any CPU
	EndGlobalSection
	GlobalSection(ProjectConfigurationPlatforms) = postSolution
		{17974224-A10C-4FEB-AF07-1614192932ED}.Debug|Any CPU.ActiveCfg = Debug|Any CPU
		{17974224-A10C-4FEB-AF07-1614192932ED}.Debug|Any CPU.Build.0 = Debug|Any CPU
		{17974224-A10C-4FEB-AF07-1614192932ED}.Release|Any CPU.ActiveCfg = Release|Any CPU
		{17974224-A10C-4FEB-AF07-1614192932ED}.Release|Any CPU.Build.0 = Release|Any CPU
		{F56808E4-D957-4CF4-A91F-37D097BA79D9}.Debug|Any CPU.ActiveCfg = Debug|Any CPU
		{F56808E4-D957-4CF4-A91F-37D097BA79D9}.Debug|Any CPU.Build.0 = Debug|Any CPU
		{F56808E4-D957-4CF4-A91F-37D097BA79D9}.Release|Any CPU.ActiveCfg = Release|Any CPU
		{F56808E4-D957-4CF4-A91F-37D097BA79D9}.Release|Any CPU.Build.0 = Release|Any CPU
		{00EFE647-96E7-4473-8618-9F7B0CC8143E}.Debug|Any CPU.ActiveCfg = Debug|Any CPU
		{00EFE647-96E7-4473-8618-9F7B0CC8143E}.Debug|Any CPU.Build.0 = Debug|Any CPU
		{00EFE647-96E7-4473-8618-9F7B0CC8143E}.Release|Any CPU.ActiveCfg = Release|Any CPU
		{00EFE647-96E7-4473-8618-9F7B0CC8143E}.Release|Any CPU.Build.0 = Release|Any CPU
	EndGlobalSection
	GlobalSection(SolutionProperties) = preSolution
		HideSolutionNode = FALSE
	EndGlobalSection
	GlobalSection(ExtensibilityGlobals) = postSolution
		SolutionGuid = {E30A0FF2-527E-42D9-B76F-ED9E9915F706}
	EndGlobalSection
EndGlobal
